
Microsoft Visual Studio Solution File, Format Version 11.00
# Visual Studio 2010
Project("{8BC9CEB8-8B4A-11D0-8D11-00A0C91BC942}") = "FTech_TimeEx", "FTech_TimeEx.vcxproj", "{645EDF09-B6DC-4C6E-9AB7-CD7C8A5F9934}"
EndProject
Global
	GlobalSection(SolutionConfigurationPlatforms) = preSolution
		Debug|Win32 = Debug|Win32
		Release|Win32 = Release|Win32
	EndGlobalSection
	GlobalSection(ProjectConfigurationPlatforms) = postSolution
		{645EDF09-B6DC-4C6E-9AB7-CD7C8A5F9934}.Debug|Win32.ActiveCfg = Debug|Win32
		{645EDF09-B6DC-4C6E-9AB7-CD7C8A5F9934}.Debug|Win32.Build.0 = Debug|Win32
		{645EDF09-B6DC-4C6E-9AB7-CD7C8A5F9934}.Release|Win32.ActiveCfg = Release|Win32
		{645EDF09-B6DC-4C6E-9AB7-CD7C8A5F9934}.Release|Win32.Build.0 = Release|Win32
	EndGlobalSection
	GlobalSection(SolutionProperties) = preSolution
		HideSolutionNode = FALSE
	EndGlobalSection
EndGlobal
